
Microsoft Visual Studio Solution File, Format Version 12.00
# Visual Studio Version 16
VisualStudioVersion = 16.0.32106.194
MinimumVisualStudioVersion = 10.0.40219.1
Project("{FAE04EC0-301F-11D3-BF4B-00C04F79EFBC}") = "TrabajoCursoProgramacion", "TrabajoCursoProgramacion\TrabajoCursoProgramacion.csproj", "{D7E11CE1-AF33-4238-9434-11B788D355C7}"
EndProject
Global
	GlobalSection(SolutionConfigurationPlatforms) = preSolution
		Debug|Any CPU = Debug|Any CPU
		Release|Any CPU = Release|Any CPU
	EndGlobalSection
	GlobalSection(ProjectConfigurationPlatforms) = postSolution
		{D7E11CE1-AF33-4238-9434-11B788D355C7}.Debug|Any CPU.ActiveCfg = Debug|Any CPU
		{D7E11CE1-AF33-4238-9434-11B788D355C7}.Debug|Any CPU.Build.0 = Debug|Any CPU
		{D7E11CE1-AF33-4238-9434-11B788D355C7}.Release|Any CPU.ActiveCfg = Release|Any CPU
		{D7E11CE1-AF33-4238-9434-11B788D355C7}.Release|Any CPU.Build.0 = Release|Any CPU
	EndGlobalSection
	GlobalSection(SolutionProperties) = preSolution
		HideSolutionNode = FALSE
	EndGlobalSection
	GlobalSection(ExtensibilityGlobals) = postSolution
		SolutionGuid = {BE33196F-48DB-461C-8971-EB4954F9D481}
	EndGlobalSection
EndGlobal
